// !$*UTF8*$!
{
	archiveVersion = 1;
	classes = {
	};
	objectVersion = 56;
	objects = {

/* Begin PBXBuildFile section */
		3DA4D4AD2A95AD2D00EF5FE3 /* bytedesk_oc.framework in Frameworks */ = {isa = PBXBuildFile; fileRef = 3DA4D4AC2A95AD2D00EF5FE3 /* bytedesk_oc.framework */; };
		3DA4D4AE2A95AD2D00EF5FE3 /* bytedesk_oc.framework in Embed Frameworks */ = {isa = PBXBuildFile; fileRef = 3DA4D4AC2A95AD2D00EF5FE3 /* bytedesk_oc.framework */; settings = {ATTRIBUTES = (CodeSignOnCopy, RemoveHeadersOnCopy, ); }; };
		3DB976222A8BAC030000B789 /* AppDelegate.m in Sources */ = {isa = PBXBuildFile; fileRef = 3DB976212A8BAC030000B789 /* AppDelegate.m */; };
		3DB9762D2A8BAC050000B789 /* Assets.xcassets in Resources */ = {isa = PBXBuildFile; fileRef = 3DB9762C2A8BAC050000B789 /* Assets.xcassets */; };
		3DB976302A8BAC050000B789 /* LaunchScreen.storyboard in Resources */ = {isa = PBXBuildFile; fileRef = 3DB9762E2A8BAC050000B789 /* LaunchScreen.storyboard */; };
		3DB976332A8BAC050000B789 /* main.m in Sources */ = {isa = PBXBuildFile; fileRef = 3DB976322A8BAC050000B789 /* main.m */; };
		3DB9763D2A8BAC050000B789 /* demo_kefu_ocTests.m in Sources */ = {isa = PBXBuildFile; fileRef = 3DB9763C2A8BAC050000B789 /* demo_kefu_ocTests.m */; };
		3DB976472A8BAC050000B789 /* demo_kefu_ocUITests.m in Sources */ = {isa = PBXBuildFile; fileRef = 3DB976462A8BAC050000B789 /* demo_kefu_ocUITests.m */; };
		3DB976492A8BAC050000B789 /* demo_kefu_ocUITestsLaunchTests.m in Sources */ = {isa = PBXBuildFile; fileRef = 3DB976482A8BAC050000B789 /* demo_kefu_ocUITestsLaunchTests.m */; };
		3DB9768D2A8BB9850000B789 /* KFApiTableViewController.m in Sources */ = {isa = PBXBuildFile; fileRef = 3DB9768C2A8BB9850000B789 /* KFApiTableViewController.m */; };
		3DEA97442A8CC08B0049A15A /* Main.storyboard in Resources */ = {isa = PBXBuildFile; fileRef = 3DEA97422A8CC08B0049A15A /* Main.storyboard */; };
		3DEA97532A8CC3460049A15A /* KFStatusViewController.m in Sources */ = {isa = PBXBuildFile; fileRef = 3DEA97492A8CC3460049A15A /* KFStatusViewController.m */; };
		3DEA97542A8CC3460049A15A /* KFChatViewController.m in Sources */ = {isa = PBXBuildFile; fileRef = 3DEA974C2A8CC3460049A15A /* KFChatViewController.m */; };
		3DEA97552A8CC3460049A15A /* KFSwitchViewController.m in Sources */ = {isa = PBXBuildFile; fileRef = 3DEA974D2A8CC3460049A15A /* KFSwitchViewController.m */; };
		3DEA97562A8CC3460049A15A /* KFUserinfoViewController.m in Sources */ = {isa = PBXBuildFile; fileRef = 3DEA97502A8CC3460049A15A /* KFUserinfoViewController.m */; };
		3DEA97572A8CC3460049A15A /* KFSupportViewController.m in Sources */ = {isa = PBXBuildFile; fileRef = 3DEA97512A8CC3460049A15A /* KFSupportViewController.m */; };
		AD5BE7573F0400103C115188 /* Pods_demo_oc.framework in Frameworks */ = {isa = PBXBuildFile; fileRef = FEC42454104A4CE94B7B761C /* Pods_demo_oc.framework */; };
/* End PBXBuildFile section */

/* Begin PBXContainerItemProxy section */
		3DB976392A8BAC050000B789 /* PBXContainerItemProxy */ = {
			isa = PBXContainerItemProxy;
			containerPortal = 3DB976152A8BAC030000B789 /* Project object */;
			proxyType = 1;
			remoteGlobalIDString = 3DB9761C2A8BAC030000B789;
			remoteInfo = demo_kefu_oc;
		};
		3DB976432A8BAC050000B789 /* PBXContainerItemProxy */ = {
			isa = PBXContainerItemProxy;
			containerPortal = 3DB976152A8BAC030000B789 /* Project object */;
			proxyType = 1;
			remoteGlobalIDString = 3DB9761C2A8BAC030000B789;
			remoteInfo = demo_kefu_oc;
		};
/* End PBXContainerItemProxy section */

/* Begin PBXCopyFilesBuildPhase section */
		3DA4D4AF2A95AD2D00EF5FE3 /* Embed Frameworks */ = {
			isa = PBXCopyFilesBuildPhase;
			buildActionMask = 2147483647;
			dstPath = "";
			dstSubfolderSpec = 10;
			files = (
				3DA4D4AE2A95AD2D00EF5FE3 /* bytedesk_oc.framework in Embed Frameworks */,
			);
			name = "Embed Frameworks";
			runOnlyForDeploymentPostprocessing = 0;
		};
/* End PBXCopyFilesBuildPhase section */

/* Begin PBXFileReference section */
		31F22A1DBF60513359F16424 /* Pods-demo_oc.debug.xcconfig */ = {isa = PBXFileReference; includeInIndex = 1; lastKnownFileType = text.xcconfig; name = "Pods-demo_oc.debug.xcconfig"; path = "../../Pods/Target Support Files/Pods-demo_oc/Pods-demo_oc.debug.xcconfig"; sourceTree = "<group>"; };
		3D27F4BF2A8D91B3005C8744 /* bytedesk_oc.framework */ = {isa = PBXFileReference; explicitFileType = wrapper.framework; path = bytedesk_oc.framework; sourceTree = BUILT_PRODUCTS_DIR; };
		3D53A9562A9728D40060D050 /* demo_oc.entitlements */ = {isa = PBXFileReference; lastKnownFileType = text.plist.entitlements; path = demo_oc.entitlements; sourceTree = "<group>"; };
		3DA4D4AC2A95AD2D00EF5FE3 /* bytedesk_oc.framework */ = {isa = PBXFileReference; explicitFileType = wrapper.framework; path = bytedesk_oc.framework; sourceTree = BUILT_PRODUCTS_DIR; };
		3DB9761D2A8BAC030000B789 /* demo_oc.app */ = {isa = PBXFileReference; explicitFileType = wrapper.application; includeInIndex = 0; path = demo_oc.app; sourceTree = BUILT_PRODUCTS_DIR; };
		3DB976202A8BAC030000B789 /* AppDelegate.h */ = {isa = PBXFileReference; lastKnownFileType = sourcecode.c.h; path = AppDelegate.h; sourceTree = "<group>"; };
		3DB976212A8BAC030000B789 /* AppDelegate.m */ = {isa = PBXFileReference; lastKnownFileType = sourcecode.c.objc; path = AppDelegate.m; sourceTree = "<group>"; };
		3DB9762C2A8BAC050000B789 /* Assets.xcassets */ = {isa = PBXFileReference; lastKnownFileType = folder.assetcatalog; path = Assets.xcassets; sourceTree = "<group>"; };
		3DB9762F2A8BAC050000B789 /* Base */ = {isa = PBXFileReference; lastKnownFileType = file.storyboard; name = Base; path = Base.lproj/LaunchScreen.storyboard; sourceTree = "<group>"; };
		3DB976312A8BAC050000B789 /* Info.plist */ = {isa = PBXFileReference; lastKnownFileType = text.plist.xml; path = Info.plist; sourceTree = "<group>"; };
		3DB976322A8BAC050000B789 /* main.m */ = {isa = PBXFileReference; lastKnownFileType = sourcecode.c.objc; path = main.m; sourceTree = "<group>"; };
		3DB976382A8BAC050000B789 /* demo_ocTests.xctest */ = {isa = PBXFileReference; explicitFileType = wrapper.cfbundle; includeInIndex = 0; path = demo_ocTests.xctest; sourceTree = BUILT_PRODUCTS_DIR; };
		3DB9763C2A8BAC050000B789 /* demo_kefu_ocTests.m */ = {isa = PBXFileReference; lastKnownFileType = sourcecode.c.objc; path = demo_kefu_ocTests.m; sourceTree = "<group>"; };
		3DB976422A8BAC050000B789 /* demo_ocUITests.xctest */ = {isa = PBXFileReference; explicitFileType = wrapper.cfbundle; includeInIndex = 0; path = demo_ocUITests.xctest; sourceTree = BUILT_PRODUCTS_DIR; };
		3DB976462A8BAC050000B789 /* demo_kefu_ocUITests.m */ = {isa = PBXFileReference; lastKnownFileType = sourcecode.c.objc; path = demo_kefu_ocUITests.m; sourceTree = "<group>"; };
		3DB976482A8BAC050000B789 /* demo_kefu_ocUITestsLaunchTests.m */ = {isa = PBXFileReference; lastKnownFileType = sourcecode.c.objc; path = demo_kefu_ocUITestsLaunchTests.m; sourceTree = "<group>"; };
		3DB9768B2A8BB9850000B789 /* KFApiTableViewController.h */ = {isa = PBXFileReference; lastKnownFileType = sourcecode.c.h; path = KFApiTableViewController.h; sourceTree = "<group>"; };
		3DB9768C2A8BB9850000B789 /* KFApiTableViewController.m */ = {isa = PBXFileReference; lastKnownFileType = sourcecode.c.objc; path = KFApiTableViewController.m; sourceTree = "<group>"; };
		3DC0207F2AA2F8470012ACA0 /* README.md */ = {isa = PBXFileReference; lastKnownFileType = net.daringfireball.markdown; path = README.md; sourceTree = "<group>"; };
		3DEA97432A8CC08B0049A15A /* Base */ = {isa = PBXFileReference; lastKnownFileType = file.storyboard; name = Base; path = Base.lproj/Main.storyboard; sourceTree = "<group>"; };
		3DEA97462A8CC3460049A15A /* KFSwitchViewController.h */ = {isa = PBXFileReference; fileEncoding = 4; lastKnownFileType = sourcecode.c.h; path = KFSwitchViewController.h; sourceTree = "<group>"; };
		3DEA97472A8CC3460049A15A /* KFChatViewController.h */ = {isa = PBXFileReference; fileEncoding = 4; lastKnownFileType = sourcecode.c.h; path = KFChatViewController.h; sourceTree = "<group>"; };
		3DEA97492A8CC3460049A15A /* KFStatusViewController.m */ = {isa = PBXFileReference; fileEncoding = 4; lastKnownFileType = sourcecode.c.objc; path = KFStatusViewController.m; sourceTree = "<group>"; };
		3DEA974A2A8CC3460049A15A /* KFUserinfoViewController.h */ = {isa = PBXFileReference; fileEncoding = 4; lastKnownFileType = sourcecode.c.h; path = KFUserinfoViewController.h; sourceTree = "<group>"; };
		3DEA974B2A8CC3460049A15A /* KFSupportViewController.h */ = {isa = PBXFileReference; fileEncoding = 4; lastKnownFileType = sourcecode.c.h; path = KFSupportViewController.h; sourceTree = "<group>"; };
		3DEA974C2A8CC3460049A15A /* KFChatViewController.m */ = {isa = PBXFileReference; fileEncoding = 4; lastKnownFileType = sourcecode.c.objc; path = KFChatViewController.m; sourceTree = "<group>"; };
		3DEA974D2A8CC3460049A15A /* KFSwitchViewController.m */ = {isa = PBXFileReference; fileEncoding = 4; lastKnownFileType = sourcecode.c.objc; path = KFSwitchViewController.m; sourceTree = "<group>"; };
		3DEA974E2A8CC3460049A15A /* KFStatusViewController.h */ = {isa = PBXFileReference; fileEncoding = 4; lastKnownFileType = sourcecode.c.h; path = KFStatusViewController.h; sourceTree = "<group>"; };
		3DEA97502A8CC3460049A15A /* KFUserinfoViewController.m */ = {isa = PBXFileReference; fileEncoding = 4; lastKnownFileType = sourcecode.c.objc; path = KFUserinfoViewController.m; sourceTree = "<group>"; };
		3DEA97512A8CC3460049A15A /* KFSupportViewController.m */ = {isa = PBXFileReference; fileEncoding = 4; lastKnownFileType = sourcecode.c.objc; path = KFSupportViewController.m; sourceTree = "<group>"; };
		88D914CE75C90D6A5FCA5BC2 /* Pods-demo_oc.release.xcconfig */ = {isa = PBXFileReference; includeInIndex = 1; lastKnownFileType = text.xcconfig; name = "Pods-demo_oc.release.xcconfig"; path = "../../Pods/Target Support Files/Pods-demo_oc/Pods-demo_oc.release.xcconfig"; sourceTree = "<group>"; };
		FEC42454104A4CE94B7B761C /* Pods_demo_oc.framework */ = {isa = PBXFileReference; explicitFileType = wrapper.framework; includeInIndex = 0; path = Pods_demo_oc.framework; sourceTree = BUILT_PRODUCTS_DIR; };
/* End PBXFileReference section */

/* Begin PBXFrameworksBuildPhase section */
		3DB9761A2A8BAC030000B789 /* Frameworks */ = {
			isa = PBXFrameworksBuildPhase;
			buildActionMask = 2147483647;
			files = (
				3DA4D4AD2A95AD2D00EF5FE3 /* bytedesk_oc.framework in Frameworks */,
				AD5BE7573F0400103C115188 /* Pods_demo_oc.framework in Frameworks */,
			);
			runOnlyForDeploymentPostprocessing = 0;
		};
		3DB976352A8BAC050000B789 /* Frameworks */ = {
			isa = PBXFrameworksBuildPhase;
			buildActionMask = 2147483647;
			files = (
			);
			runOnlyForDeploymentPostprocessing = 0;
		};
		3DB9763F2A8BAC050000B789 /* Frameworks */ = {
			isa = PBXFrameworksBuildPhase;
			buildActionMask = 2147483647;
			files = (
			);
			runOnlyForDeploymentPostprocessing = 0;
		};
/* End PBXFrameworksBuildPhase section */

/* Begin PBXGroup section */
		3DB976142A8BAC030000B789 = {
			isa = PBXGroup;
			children = (
				3DC0207F2AA2F8470012ACA0 /* README.md */,
				3DB9761F2A8BAC030000B789 /* demo_oc */,
				3DB9763B2A8BAC050000B789 /* demo_ocTests */,
				3DB976452A8BAC050000B789 /* demo_ocUITests */,
				3DB9761E2A8BAC030000B789 /* Products */,
				3DEA975C2A8CD35D0049A15A /* Frameworks */,
				E48E354B5F5BD44FFD9B3950 /* Pods */,
			);
			sourceTree = "<group>";
		};
		3DB9761E2A8BAC030000B789 /* Products */ = {
			isa = PBXGroup;
			children = (
				3DB9761D2A8BAC030000B789 /* demo_oc.app */,
				3DB976382A8BAC050000B789 /* demo_ocTests.xctest */,
				3DB976422A8BAC050000B789 /* demo_ocUITests.xctest */,
			);
			name = Products;
			sourceTree = "<group>";
		};
		3DB9761F2A8BAC030000B789 /* demo_oc */ = {
			isa = PBXGroup;
			children = (
				3D53A9562A9728D40060D050 /* demo_oc.entitlements */,
				3DEA97452A8CC3460049A15A /* controllers */,
				3DB9768B2A8BB9850000B789 /* KFApiTableViewController.h */,
				3DB9768C2A8BB9850000B789 /* KFApiTableViewController.m */,
				3DB976202A8BAC030000B789 /* AppDelegate.h */,
				3DB976212A8BAC030000B789 /* AppDelegate.m */,
				3DB976322A8BAC050000B789 /* main.m */,
				3DB9762C2A8BAC050000B789 /* Assets.xcassets */,
				3DEA97422A8CC08B0049A15A /* Main.storyboard */,
				3DB9762E2A8BAC050000B789 /* LaunchScreen.storyboard */,
				3DB976312A8BAC050000B789 /* Info.plist */,
			);
			path = demo_oc;
			sourceTree = "<group>";
		};
		3DB9763B2A8BAC050000B789 /* demo_ocTests */ = {
			isa = PBXGroup;
			children = (
				3DB9763C2A8BAC050000B789 /* demo_kefu_ocTests.m */,
			);
			path = demo_ocTests;
			sourceTree = "<group>";
		};
		3DB976452A8BAC050000B789 /* demo_ocUITests */ = {
			isa = PBXGroup;
			children = (
				3DB976462A8BAC050000B789 /* demo_kefu_ocUITests.m */,
				3DB976482A8BAC050000B789 /* demo_kefu_ocUITestsLaunchTests.m */,
			);
			path = demo_ocUITests;
			sourceTree = "<group>";
		};
		3DEA97452A8CC3460049A15A /* controllers */ = {
			isa = PBXGroup;
			children = (
				3DEA97472A8CC3460049A15A /* KFChatViewController.h */,
				3DEA974C2A8CC3460049A15A /* KFChatViewController.m */,
				3DEA974A2A8CC3460049A15A /* KFUserinfoViewController.h */,
				3DEA97502A8CC3460049A15A /* KFUserinfoViewController.m */,
				3DEA974E2A8CC3460049A15A /* KFStatusViewController.h */,
				3DEA97492A8CC3460049A15A /* KFStatusViewController.m */,
				3DEA974B2A8CC3460049A15A /* KFSupportViewController.h */,
				3DEA97512A8CC3460049A15A /* KFSupportViewController.m */,
				3DEA97462A8CC3460049A15A /* KFSwitchViewController.h */,
				3DEA974D2A8CC3460049A15A /* KFSwitchViewController.m */,
			);
			path = controllers;
			sourceTree = "<group>";
		};
		3DEA975C2A8CD35D0049A15A /* Frameworks */ = {
			isa = PBXGroup;
			children = (
				3DA4D4AC2A95AD2D00EF5FE3 /* bytedesk_oc.framework */,
				3D27F4BF2A8D91B3005C8744 /* bytedesk_oc.framework */,
				FEC42454104A4CE94B7B761C /* Pods_demo_oc.framework */,
			);
			name = Frameworks;
			sourceTree = "<group>";
		};
		E48E354B5F5BD44FFD9B3950 /* Pods */ = {
			isa = PBXGroup;
			children = (
				31F22A1DBF60513359F16424 /* Pods-demo_oc.debug.xcconfig */,
				88D914CE75C90D6A5FCA5BC2 /* Pods-demo_oc.release.xcconfig */,
			);
			name = Pods;
			path = ../Pods;
			sourceTree = "<group>";
		};
/* End PBXGroup section */

/* Begin PBXNativeTarget section */
		3DB9761C2A8BAC030000B789 /* demo_oc */ = {
			isa = PBXNativeTarget;
			buildConfigurationList = 3DB9764C2A8BAC050000B789 /* Build configuration list for PBXNativeTarget "demo_oc" */;
			buildPhases = (
				FC819438EB8A498EE5409C72 /* [CP] Check Pods Manifest.lock */,
				3DB976192A8BAC030000B789 /* Sources */,
				3DB9761A2A8BAC030000B789 /* Frameworks */,
				3DB9761B2A8BAC030000B789 /* Resources */,
				3DA4D4AF2A95AD2D00EF5FE3 /* Embed Frameworks */,
				BD9297E84E46728A0287CFC1 /* [CP] Embed Pods Frameworks */,
			);
			buildRules = (
			);
			dependencies = (
			);
			name = demo_oc;
			productName = demo_kefu_oc;
			productReference = 3DB9761D2A8BAC030000B789 /* demo_oc.app */;
			productType = "com.apple.product-type.application";
		};
		3DB976372A8BAC050000B789 /* demo_ocTests */ = {
			isa = PBXNativeTarget;
			buildConfigurationList = 3DB9764F2A8BAC050000B789 /* Build configuration list for PBXNativeTarget "demo_ocTests" */;
			buildPhases = (
				3DB976342A8BAC050000B789 /* Sources */,
				3DB976352A8BAC050000B789 /* Frameworks */,
				3DB976362A8BAC050000B789 /* Resources */,
			);
			buildRules = (
			);
			dependencies = (
				3DB9763A2A8BAC050000B789 /* PBXTargetDependency */,
			);
			name = demo_ocTests;
			productName = demo_kefu_ocTests;
			productReference = 3DB976382A8BAC050000B789 /* demo_ocTests.xctest */;
			productType = "com.apple.product-type.bundle.unit-test";
		};
		3DB976412A8BAC050000B789 /* demo_ocUITests */ = {
			isa = PBXNativeTarget;
			buildConfigurationList = 3DB976522A8BAC050000B789 /* Build configuration list for PBXNativeTarget "demo_ocUITests" */;
			buildPhases = (
				3DB9763E2A8BAC050000B789 /* Sources */,
				3DB9763F2A8BAC050000B789 /* Frameworks */,
				3DB976402A8BAC050000B789 /* Resources */,
			);
			buildRules = (
			);
			dependencies = (
				3DB976442A8BAC050000B789 /* PBXTargetDependency */,
			);
			name = demo_ocUITests;
			productName = demo_kefu_ocUITests;
			productReference = 3DB976422A8BAC050000B789 /* demo_ocUITests.xctest */;
			productType = "com.apple.product-type.bundle.ui-testing";
		};
/* End PBXNativeTarget section */

/* Begin PBXProject section */
		3DB976152A8BAC030000B789 /* Project object */ = {
			isa = PBXProject;
			attributes = {
				BuildIndependentTargetsInParallel = 1;
				LastUpgradeCheck = 1430;
				TargetAttributes = {
					3DB9761C2A8BAC030000B789 = {
						CreatedOnToolsVersion = 14.3;
					};
					3DB976372A8BAC050000B789 = {
						CreatedOnToolsVersion = 14.3;
						TestTargetID = 3DB9761C2A8BAC030000B789;
					};
					3DB976412A8BAC050000B789 = {
						CreatedOnToolsVersion = 14.3;
						TestTargetID = 3DB9761C2A8BAC030000B789;
					};
				};
			};
			buildConfigurationList = 3DB976182A8BAC030000B789 /* Build configuration list for PBXProject "demo_oc" */;
			compatibilityVersion = "Xcode 14.0";
			developmentRegion = en;
			hasScannedForEncodings = 0;
			knownRegions = (
				en,
				Base,
			);
			mainGroup = 3DB976142A8BAC030000B789;
			productRefGroup = 3DB9761E2A8BAC030000B789 /* Products */;
			projectDirPath = "";
			projectRoot = "";
			targets = (
				3DB9761C2A8BAC030000B789 /* demo_oc */,
				3DB976372A8BAC050000B789 /* demo_ocTests */,
				3DB976412A8BAC050000B789 /* demo_ocUITests */,
			);
		};
/* End PBXProject section */

/* Begin PBXResourcesBuildPhase section */
		3DB9761B2A8BAC030000B789 /* Resources */ = {
			isa = PBXResourcesBuildPhase;
			buildActionMask = 2147483647;
			files = (
				3DEA97442A8CC08B0049A15A /* Main.storyboard in Resources */,
				3DB976302A8BAC050000B789 /* LaunchScreen.storyboard in Resources */,
				3DB9762D2A8BAC050000B789 /* Assets.xcassets in Resources */,
			);
			runOnlyForDeploymentPostprocessing = 0;
		};
		3DB976362A8BAC050000B789 /* Resources */ = {
			isa = PBXResourcesBuildPhase;
			buildActionMask = 2147483647;
			files = (
			);
			runOnlyForDeploymentPostprocessing = 0;
		};
		3DB976402A8BAC050000B789 /* Resources */ = {
			isa = PBXResourcesBuildPhase;
			buildActionMask = 2147483647;
			files = (
			);
			runOnlyForDeploymentPostprocessing = 0;
		};
/* End PBXResourcesBuildPhase section */

/* Begin PBXShellScriptBuildPhase section */
		BD9297E84E46728A0287CFC1 /* [CP] Embed Pods Frameworks */ = {
			isa = PBXShellScriptBuildPhase;
			buildActionMask = 2147483647;
			files = (
			);
			inputFileListPaths = (
				"${PODS_ROOT}/Target Support Files/Pods-demo_oc/Pods-demo_oc-frameworks-${CONFIGURATION}-input-files.xcfilelist",
			);
			name = "[CP] Embed Pods Frameworks";
			outputFileListPaths = (
				"${PODS_ROOT}/Target Support Files/Pods-demo_oc/Pods-demo_oc-frameworks-${CONFIGURATION}-output-files.xcfilelist",
			);
			runOnlyForDeploymentPostprocessing = 0;
			shellPath = /bin/sh;
			shellScript = "\"${PODS_ROOT}/Target Support Files/Pods-demo_oc/Pods-demo_oc-frameworks.sh\"\n";
			showEnvVarsInLog = 0;
		};
		FC819438EB8A498EE5409C72 /* [CP] Check Pods Manifest.lock */ = {
			isa = PBXShellScriptBuildPhase;
			buildActionMask = 2147483647;
			files = (
			);
			inputFileListPaths = (
			);
			inputPaths = (
				"${PODS_PODFILE_DIR_PATH}/Podfile.lock",
				"${PODS_ROOT}/Manifest.lock",
			);
			name = "[CP] Check Pods Manifest.lock";
			outputFileListPaths = (
			);
			outputPaths = (
				"$(DERIVED_FILE_DIR)/Pods-demo_oc-checkManifestLockResult.txt",
			);
			runOnlyForDeploymentPostprocessing = 0;
			shellPath = /bin/sh;
			shellScript = "diff \"${PODS_PODFILE_DIR_PATH}/Podfile.lock\" \"${PODS_ROOT}/Manifest.lock\" > /dev/null\nif [ $? != 0 ] ; then\n    # print error to STDERR\n    echo \"error: The sandbox is not in sync with the Podfile.lock. Run 'pod install' or update your CocoaPods installation.\" >&2\n    exit 1\nfi\n# This output is used by Xcode 'outputs' to avoid re-running this script phase.\necho \"SUCCESS\" > \"${SCRIPT_OUTPUT_FILE_0}\"\n";
			showEnvVarsInLog = 0;
		};
/* End PBXShellScriptBuildPhase section */

/* Begin PBXSourcesBuildPhase section */
		3DB976192A8BAC030000B789 /* Sources */ = {
			isa = PBXSourcesBuildPhase;
			buildActionMask = 2147483647;
			files = (
				3DEA97562A8CC3460049A15A /* KFUserinfoViewController.m in Sources */,
				3DEA97552A8CC3460049A15A /* KFSwitchViewController.m in Sources */,
				3DEA97572A8CC3460049A15A /* KFSupportViewController.m in Sources */,
				3DB9768D2A8BB9850000B789 /* KFApiTableViewController.m in Sources */,
				3DEA97542A8CC3460049A15A /* KFChatViewController.m in Sources */,
				3DB976222A8BAC030000B789 /* AppDelegate.m in Sources */,
				3DEA97532A8CC3460049A15A /* KFStatusViewController.m in Sources */,
				3DB976332A8BAC050000B789 /* main.m in Sources */,
			);
			runOnlyForDeploymentPostprocessing = 0;
		};
		3DB976342A8BAC050000B789 /* Sources */ = {
			isa = PBXSourcesBuildPhase;
			buildActionMask = 2147483647;
			files = (
				3DB9763D2A8BAC050000B789 /* demo_kefu_ocTests.m in Sources */,
			);
			runOnlyForDeploymentPostprocessing = 0;
		};
		3DB9763E2A8BAC050000B789 /* Sources */ = {
			isa = PBXSourcesBuildPhase;
			buildActionMask = 2147483647;
			files = (
				3DB976492A8BAC050000B789 /* demo_kefu_ocUITestsLaunchTests.m in Sources */,
				3DB976472A8BAC050000B789 /* demo_kefu_ocUITests.m in Sources */,
			);
			runOnlyForDeploymentPostprocessing = 0;
		};
/* End PBXSourcesBuildPhase section */

/* Begin PBXTargetDependency section */
		3DB9763A2A8BAC050000B789 /* PBXTargetDependency */ = {
			isa = PBXTargetDependency;
			target = 3DB9761C2A8BAC030000B789 /* demo_oc */;
			targetProxy = 3DB976392A8BAC050000B789 /* PBXContainerItemProxy */;
		};
		3DB976442A8BAC050000B789 /* PBXTargetDependency */ = {
			isa = PBXTargetDependency;
			target = 3DB9761C2A8BAC030000B789 /* demo_oc */;
			targetProxy = 3DB976432A8BAC050000B789 /* PBXContainerItemProxy */;
		};
/* End PBXTargetDependency section */

/* Begin PBXVariantGroup section */
		3DB9762E2A8BAC050000B789 /* LaunchScreen.storyboard */ = {
			isa = PBXVariantGroup;
			children = (
				3DB9762F2A8BAC050000B789 /* Base */,
			);
			name = LaunchScreen.storyboard;
			sourceTree = "<group>";
		};
		3DEA97422A8CC08B0049A15A /* Main.storyboard */ = {
			isa = PBXVariantGroup;
			children = (
				3DEA97432A8CC08B0049A15A /* Base */,
			);
			name = Main.storyboard;
			sourceTree = "<group>";
		};
/* End PBXVariantGroup section */

/* Begin XCBuildConfiguration section */
		3DB9764A2A8BAC050000B789 /* Debug */ = {
			isa = XCBuildConfiguration;
			buildSettings = {
				ALWAYS_SEARCH_USER_PATHS = NO;
				CLANG_ANALYZER_NONNULL = YES;
				CLANG_ANALYZER_NUMBER_OBJECT_CONVERSION = YES_AGGRESSIVE;
				CLANG_CXX_LANGUAGE_STANDARD = "gnu++20";
				CLANG_ENABLE_MODULES = YES;
				CLANG_ENABLE_OBJC_ARC = YES;
				CLANG_ENABLE_OBJC_WEAK = YES;
				CLANG_WARN_BLOCK_CAPTURE_AUTORELEASING = YES;
				CLANG_WARN_BOOL_CONVERSION = YES;
				CLANG_WARN_COMMA = YES;
				CLANG_WARN_CONSTANT_CONVERSION = YES;
				CLANG_WARN_DEPRECATED_OBJC_IMPLEMENTATIONS = YES;
				CLANG_WARN_DIRECT_OBJC_ISA_USAGE = YES_ERROR;
				CLANG_WARN_DOCUMENTATION_COMMENTS = YES;
				CLANG_WARN_EMPTY_BODY = YES;
				CLANG_WARN_ENUM_CONVERSION = YES;
				CLANG_WARN_INFINITE_RECURSION = YES;
				CLANG_WARN_INT_CONVERSION = YES;
				CLANG_WARN_NON_LITERAL_NULL_CONVERSION = YES;
				CLANG_WARN_OBJC_IMPLICIT_RETAIN_SELF = YES;
				CLANG_WARN_OBJC_LITERAL_CONVERSION = YES;
				CLANG_WARN_OBJC_ROOT_CLASS = YES_ERROR;
				CLANG_WARN_QUOTED_INCLUDE_IN_FRAMEWORK_HEADER = YES;
				CLANG_WARN_RANGE_LOOP_ANALYSIS = YES;
				CLANG_WARN_STRICT_PROTOTYPES = YES;
				CLANG_WARN_SUSPICIOUS_MOVE = YES;
				CLANG_WARN_UNGUARDED_AVAILABILITY = YES_AGGRESSIVE;
				CLANG_WARN_UNREACHABLE_CODE = YES;
				CLANG_WARN__DUPLICATE_METHOD_MATCH = YES;
				COPY_PHASE_STRIP = NO;
				DEBUG_INFORMATION_FORMAT = dwarf;
				ENABLE_STRICT_OBJC_MSGSEND = YES;
				ENABLE_TESTABILITY = YES;
				GCC_C_LANGUAGE_STANDARD = gnu11;
				GCC_DYNAMIC_NO_PIC = NO;
				GCC_NO_COMMON_BLOCKS = YES;
				GCC_OPTIMIZATION_LEVEL = 0;
				GCC_PREPROCESSOR_DEFINITIONS = (
					"DEBUG=1",
					"$(inherited)",
				);
				GCC_WARN_64_TO_32_BIT_CONVERSION = YES;
				GCC_WARN_ABOUT_RETURN_TYPE = YES_ERROR;
				GCC_WARN_UNDECLARED_SELECTOR = YES;
				GCC_WARN_UNINITIALIZED_AUTOS = YES_AGGRESSIVE;
				GCC_WARN_UNUSED_FUNCTION = YES;
				GCC_WARN_UNUSED_VARIABLE = YES;
				IPHONEOS_DEPLOYMENT_TARGET = 16.4;
				MTL_ENABLE_DEBUG_INFO = INCLUDE_SOURCE;
				MTL_FAST_MATH = YES;
				ONLY_ACTIVE_ARCH = YES;
				SDKROOT = iphoneos;
			};
			name = Debug;
		};
		3DB9764B2A8BAC050000B789 /* Release */ = {
			isa = XCBuildConfiguration;
			buildSettings = {
				ALWAYS_SEARCH_USER_PATHS = NO;
				CLANG_ANALYZER_NONNULL = YES;
				CLANG_ANALYZER_NUMBER_OBJECT_CONVERSION = YES_AGGRESSIVE;
				CLANG_CXX_LANGUAGE_STANDARD = "gnu++20";
				CLANG_ENABLE_MODULES = YES;
				CLANG_ENABLE_OBJC_ARC = YES;
				CLANG_ENABLE_OBJC_WEAK = YES;
				CLANG_WARN_BLOCK_CAPTURE_AUTORELEASING = YES;
				CLANG_WARN_BOOL_CONVERSION = YES;
				CLANG_WARN_COMMA = YES;
				CLANG_WARN_CONSTANT_CONVERSION = YES;
				CLANG_WARN_DEPRECATED_OBJC_IMPLEMENTATIONS = YES;
				CLANG_WARN_DIRECT_OBJC_ISA_USAGE = YES_ERROR;
				CLANG_WARN_DOCUMENTATION_COMMENTS = YES;
				CLANG_WARN_EMPTY_BODY = YES;
				CLANG_WARN_ENUM_CONVERSION = YES;
				CLANG_WARN_INFINITE_RECURSION = YES;
				CLANG_WARN_INT_CONVERSION = YES;
				CLANG_WARN_NON_LITERAL_NULL_CONVERSION = YES;
				CLANG_WARN_OBJC_IMPLICIT_RETAIN_SELF = YES;
				CLANG_WARN_OBJC_LITERAL_CONVERSION = YES;
				CLANG_WARN_OBJC_ROOT_CLASS = YES_ERROR;
				CLANG_WARN_QUOTED_INCLUDE_IN_FRAMEWORK_HEADER = YES;
				CLANG_WARN_RANGE_LOOP_ANALYSIS = YES;
				CLANG_WARN_STRICT_PROTOTYPES = YES;
				CLANG_WARN_SUSPICIOUS_MOVE = YES;
				CLANG_WARN_UNGUARDED_AVAILABILITY = YES_AGGRESSIVE;
				CLANG_WARN_UNREACHABLE_CODE = YES;
				CLANG_WARN__DUPLICATE_METHOD_MATCH = YES;
				COPY_PHASE_STRIP = NO;
				DEBUG_INFORMATION_FORMAT = "dwarf-with-dsym";
				ENABLE_NS_ASSERTIONS = NO;
				ENABLE_STRICT_OBJC_MSGSEND = YES;
				GCC_C_LANGUAGE_STANDARD = gnu11;
				GCC_NO_COMMON_BLOCKS = YES;
				GCC_WARN_64_TO_32_BIT_CONVERSION = YES;
				GCC_WARN_ABOUT_RETURN_TYPE = YES_ERROR;
				GCC_WARN_UNDECLARED_SELECTOR = YES;
				GCC_WARN_UNINITIALIZED_AUTOS = YES_AGGRESSIVE;
				GCC_WARN_UNUSED_FUNCTION = YES;
				GCC_WARN_UNUSED_VARIABLE = YES;
				IPHONEOS_DEPLOYMENT_TARGET = 16.4;
				MTL_ENABLE_DEBUG_INFO = NO;
				MTL_FAST_MATH = YES;
				SDKROOT = iphoneos;
				VALIDATE_PRODUCT = YES;
			};
			name = Release;
		};
		3DB9764D2A8BAC050000B789 /* Debug */ = {
			isa = XCBuildConfiguration;
			baseConfigurationReference = 31F22A1DBF60513359F16424 /* Pods-demo_oc.debug.xcconfig */;
			buildSettings = {
				ASSETCATALOG_COMPILER_APPICON_NAME = AppIcon;
				ASSETCATALOG_COMPILER_GLOBAL_ACCENT_COLOR_NAME = AccentColor;
				CODE_SIGN_ENTITLEMENTS = demo_oc/demo_oc.entitlements;
				CODE_SIGN_STYLE = Automatic;
				CURRENT_PROJECT_VERSION = 1;
				DEVELOPMENT_TEAM = L5F47963M2;
				GENERATE_INFOPLIST_FILE = YES;
				INFOPLIST_FILE = demo_oc/Info.plist;
				INFOPLIST_KEY_CFBundleDisplayName = "萝卜丝OCDemo";
				INFOPLIST_KEY_LSApplicationCategoryType = "public.app-category.business";
				INFOPLIST_KEY_NSCameraUsageDescription = "拍摄照片并发送图片给对方";
				INFOPLIST_KEY_NSContactsUsageDescription = "读取并同步通讯录";
				INFOPLIST_KEY_NSMicrophoneUsageDescription = "录制语音并发送录音给对方";
				INFOPLIST_KEY_NSPhotoLibraryAddUsageDescription = "读取并发送图片给对方";
				INFOPLIST_KEY_NSPhotoLibraryUsageDescription = "读取并发送图片给对方";
				INFOPLIST_KEY_UIApplicationSupportsIndirectInputEvents = YES;
				INFOPLIST_KEY_UILaunchStoryboardName = LaunchScreen;
				INFOPLIST_KEY_UIMainStoryboardFile = Main;
				INFOPLIST_KEY_UISupportedInterfaceOrientations_iPad = "UIInterfaceOrientationPortrait UIInterfaceOrientationPortraitUpsideDown UIInterfaceOrientationLandscapeLeft UIInterfaceOrientationLandscapeRight";
				INFOPLIST_KEY_UISupportedInterfaceOrientations_iPhone = "UIInterfaceOrientationPortrait UIInterfaceOrientationLandscapeLeft UIInterfaceOrientationLandscapeRight";
				IPHONEOS_DEPLOYMENT_TARGET = 13.0;
				LD_RUNPATH_SEARCH_PATHS = (
					"$(inherited)",
					"@executable_path/Frameworks",
				);
				MARKETING_VERSION = 3.0;
				PRODUCT_BUNDLE_IDENTIFIER = "com.bytedesk.demo-oc";
				PRODUCT_NAME = "$(TARGET_NAME)";
				SWIFT_EMIT_LOC_STRINGS = YES;
				TARGETED_DEVICE_FAMILY = "1,2";
			};
			name = Debug;
		};
		3DB9764E2A8BAC050000B789 /* Release */ = {
			isa = XCBuildConfiguration;
			baseConfigurationReference = 88D914CE75C90D6A5FCA5BC2 /* Pods-demo_oc.release.xcconfig */;
			buildSettings = {
				ASSETCATALOG_COMPILER_APPICON_NAME = AppIcon;
				ASSETCATALOG_COMPILER_GLOBAL_ACCENT_COLOR_NAME = AccentColor;
				CODE_SIGN_ENTITLEMENTS = demo_oc/demo_oc.entitlements;
				CODE_SIGN_STYLE = Automatic;
				CURRENT_PROJECT_VERSION = 1;
				DEVELOPMENT_TEAM = L5F47963M2;
				GENERATE_INFOPLIST_FILE = YES;
				INFOPLIST_FILE = demo_oc/Info.plist;
				INFOPLIST_KEY_CFBundleDisplayName = "萝卜丝OCDemo";
				INFOPLIST_KEY_LSApplicationCategoryType = "public.app-category.business";
				INFOPLIST_KEY_NSCameraUsageDescription = "拍摄照片并发送图片给对方";
				INFOPLIST_KEY_NSContactsUsageDescription = "读取并同步通讯录";
				INFOPLIST_KEY_NSMicrophoneUsageDescription = "录制语音并发送录音给对方";
				INFOPLIST_KEY_NSPhotoLibraryAddUsageDescription = "读取并发送图片给对方";
				INFOPLIST_KEY_NSPhotoLibraryUsageDescription = "读取并发送图片给对方";
				INFOPLIST_KEY_UIApplicationSupportsIndirectInputEvents = YES;
				INFOPLIST_KEY_UILaunchStoryboardName = LaunchScreen;
				INFOPLIST_KEY_UIMainStoryboardFile = Main;
				INFOPLIST_KEY_UISupportedInterfaceOrientations_iPad = "UIInterfaceOrientationPortrait UIInterfaceOrientationPortraitUpsideDown UIInterfaceOrientationLandscapeLeft UIInterfaceOrientationLandscapeRight";
				INFOPLIST_KEY_UISupportedInterfaceOrientations_iPhone = "UIInterfaceOrientationPortrait UIInterfaceOrientationLandscapeLeft UIInterfaceOrientationLandscapeRight";
				IPHONEOS_DEPLOYMENT_TARGET = 13.0;
				LD_RUNPATH_SEARCH_PATHS = (
					"$(inherited)",
					"@executable_path/Frameworks",
				);
				MARKETING_VERSION = 3.0;
				PRODUCT_BUNDLE_IDENTIFIER = "com.bytedesk.demo-oc";
				PRODUCT_NAME = "$(TARGET_NAME)";
				SWIFT_EMIT_LOC_STRINGS = YES;
				TARGETED_DEVICE_FAMILY = "1,2";
			};
			name = Release;
		};
		3DB976502A8BAC050000B789 /* Debug */ = {
			isa = XCBuildConfiguration;
			buildSettings = {
				BUNDLE_LOADER = "$(TEST_HOST)";
				CODE_SIGN_STYLE = Automatic;
				CURRENT_PROJECT_VERSION = 1;
				DEVELOPMENT_TEAM = L5F47963M2;
				GENERATE_INFOPLIST_FILE = YES;
				IPHONEOS_DEPLOYMENT_TARGET = 16.4;
				MARKETING_VERSION = 1.0;
				PRODUCT_BUNDLE_IDENTIFIER = "com.bytedesk.demo-kefu-ocTests";
				PRODUCT_NAME = "$(TARGET_NAME)";
				SWIFT_EMIT_LOC_STRINGS = NO;
				TARGETED_DEVICE_FAMILY = "1,2";
				TEST_HOST = "$(BUILT_PRODUCTS_DIR)/demo_oc.app/$(BUNDLE_EXECUTABLE_FOLDER_PATH)/demo_oc";
			};
			name = Debug;
		};
		3DB976512A8BAC050000B789 /* Release */ = {
			isa = XCBuildConfiguration;
			buildSettings = {
				BUNDLE_LOADER = "$(TEST_HOST)";
				CODE_SIGN_STYLE = Automatic;
				CURRENT_PROJECT_VERSION = 1;
				DEVELOPMENT_TEAM = L5F47963M2;
				GENERATE_INFOPLIST_FILE = YES;
				IPHONEOS_DEPLOYMENT_TARGET = 16.4;
				MARKETING_VERSION = 1.0;
				PRODUCT_BUNDLE_IDENTIFIER = "com.bytedesk.demo-kefu-ocTests";
				PRODUCT_NAME = "$(TARGET_NAME)";
				SWIFT_EMIT_LOC_STRINGS = NO;
				TARGETED_DEVICE_FAMILY = "1,2";
				TEST_HOST = "$(BUILT_PRODUCTS_DIR)/demo_oc.app/$(BUNDLE_EXECUTABLE_FOLDER_PATH)/demo_oc";
			};
			name = Release;
		};
		3DB976532A8BAC050000B789 /* Debug */ = {
			isa = XCBuildConfiguration;
			buildSettings = {
				CODE_SIGN_STYLE = Automatic;
				CURRENT_PROJECT_VERSION = 1;
				DEVELOPMENT_TEAM = L5F47963M2;
				GENERATE_INFOPLIST_FILE = YES;
				MARKETING_VERSION = 1.0;
				PRODUCT_BUNDLE_IDENTIFIER = "com.bytedesk.demo-kefu-ocUITests";
				PRODUCT_NAME = "$(TARGET_NAME)";
				SWIFT_EMIT_LOC_STRINGS = NO;
				TARGETED_DEVICE_FAMILY = "1,2";
				TEST_TARGET_NAME = demo_kefu_oc;
			};
			name = Debug;
		};
		3DB976542A8BAC050000B789 /* Release */ = {
			isa = XCBuildConfiguration;
			buildSettings = {
				CODE_SIGN_STYLE = Automatic;
				CURRENT_PROJECT_VERSION = 1;
				DEVELOPMENT_TEAM = L5F47963M2;
				GENERATE_INFOPLIST_FILE = YES;
				MARKETING_VERSION = 1.0;
				PRODUCT_BUNDLE_IDENTIFIER = "com.bytedesk.demo-kefu-ocUITests";
				PRODUCT_NAME = "$(TARGET_NAME)";
				SWIFT_EMIT_LOC_STRINGS = NO;
				TARGETED_DEVICE_FAMILY = "1,2";
				TEST_TARGET_NAME = demo_kefu_oc;
			};
			name = Release;
		};
/* End XCBuildConfiguration section */

/* Begin XCConfigurationList section */
		3DB976182A8BAC030000B789 /* Build configuration list for PBXProject "demo_oc" */ = {
			isa = XCConfigurationList;
			buildConfigurations = (
				3DB9764A2A8BAC050000B789 /* Debug */,
				3DB9764B2A8BAC050000B789 /* Release */,
			);
			defaultConfigurationIsVisible = 0;
			defaultConfigurationName = Release;
		};
		3DB9764C2A8BAC050000B789 /* Build configuration list for PBXNativeTarget "demo_oc" */ = {
			isa = XCConfigurationList;
			buildConfigurations = (
				3DB9764D2A8BAC050000B789 /* Debug */,
				3DB9764E2A8BAC050000B789 /* Release */,
			);
			defaultConfigurationIsVisible = 0;
			defaultConfigurationName = Release;
		};
		3DB9764F2A8BAC050000B789 /* Build configuration list for PBXNativeTarget "demo_ocTests" */ = {
			isa = XCConfigurationList;
			buildConfigurations = (
				3DB976502A8BAC050000B789 /* Debug */,
				3DB976512A8BAC050000B789 /* Release */,
			);
			defaultConfigurationIsVisible = 0;
			defaultConfigurationName = Release;
		};
		3DB976522A8BAC050000B789 /* Build configuration list for PBXNativeTarget "demo_ocUITests" */ = {
			isa = XCConfigurationList;
			buildConfigurations = (
				3DB976532A8BAC050000B789 /* Debug */,
				3DB976542A8BAC050000B789 /* Release */,
			);
			defaultConfigurationIsVisible = 0;
			defaultConfigurationName = Release;
		};
/* End XCConfigurationList section */
	};
	rootObject = 3DB976152A8BAC030000B789 /* Project object */;
}
