// !$*UTF8*$!
{
	archiveVersion = 1;
	classes = {
	};
	objectVersion = 56;
	objects = {

/* Begin PBXBuildFile section */
		3D4030392AA7019200F5B996 /* KFChatViewController.swift in Sources */ = {isa = PBXBuildFile; fileRef = 3D4030382AA7019200F5B996 /* KFChatViewController.swift */; };
		3D40303B2AA701AD00F5B996 /* KFUserinfoViewController.swift in Sources */ = {isa = PBXBuildFile; fileRef = 3D40303A2AA701AD00F5B996 /* KFUserinfoViewController.swift */; };
		3D40303D2AA701BE00F5B996 /* KFStatusViewController.swift in Sources */ = {isa = PBXBuildFile; fileRef = 3D40303C2AA701BE00F5B996 /* KFStatusViewController.swift */; };
		3D40303F2AA701CF00F5B996 /* KFSupportViewController.swift in Sources */ = {isa = PBXBuildFile; fileRef = 3D40303E2AA701CF00F5B996 /* KFSupportViewController.swift */; };
		3D4030412AA701E200F5B996 /* KFSwitchViewController.swift in Sources */ = {isa = PBXBuildFile; fileRef = 3D4030402AA701E200F5B996 /* KFSwitchViewController.swift */; };
		3DC0208F2AA313F00012ACA0 /* AppDelegate.swift in Sources */ = {isa = PBXBuildFile; fileRef = 3DC0208E2AA313F00012ACA0 /* AppDelegate.swift */; };
		3DC020912AA313F00012ACA0 /* SceneDelegate.swift in Sources */ = {isa = PBXBuildFile; fileRef = 3DC020902AA313F00012ACA0 /* SceneDelegate.swift */; };
		3DC020932AA313F00012ACA0 /* KFApiTableViewController.swift in Sources */ = {isa = PBXBuildFile; fileRef = 3DC020922AA313F00012ACA0 /* KFApiTableViewController.swift */; };
		3DC020962AA313F00012ACA0 /* Main.storyboard in Resources */ = {isa = PBXBuildFile; fileRef = 3DC020942AA313F00012ACA0 /* Main.storyboard */; };
		3DC020982AA313F10012ACA0 /* Assets.xcassets in Resources */ = {isa = PBXBuildFile; fileRef = 3DC020972AA313F10012ACA0 /* Assets.xcassets */; };
		3DC0209B2AA313F10012ACA0 /* LaunchScreen.storyboard in Resources */ = {isa = PBXBuildFile; fileRef = 3DC020992AA313F10012ACA0 /* LaunchScreen.storyboard */; };
		3DC020A62AA313F10012ACA0 /* demo_kefu_uikitTests.swift in Sources */ = {isa = PBXBuildFile; fileRef = 3DC020A52AA313F10012ACA0 /* demo_kefu_uikitTests.swift */; };
		3DC020B02AA313F10012ACA0 /* demo_kefu_uikitUITests.swift in Sources */ = {isa = PBXBuildFile; fileRef = 3DC020AF2AA313F10012ACA0 /* demo_kefu_uikitUITests.swift */; };
		3DC020B22AA313F10012ACA0 /* demo_kefu_uikitUITestsLaunchTests.swift in Sources */ = {isa = PBXBuildFile; fileRef = 3DC020B12AA313F10012ACA0 /* demo_kefu_uikitUITestsLaunchTests.swift */; };
		3DF9D4662AA72440008BF3F8 /* bytedesk-swift in Frameworks */ = {isa = PBXBuildFile; productRef = 3DF9D4652AA72440008BF3F8 /* bytedesk-swift */; };
/* End PBXBuildFile section */

/* Begin PBXContainerItemProxy section */
		3DC020A22AA313F10012ACA0 /* PBXContainerItemProxy */ = {
			isa = PBXContainerItemProxy;
			containerPortal = 3DC020832AA313F00012ACA0 /* Project object */;
			proxyType = 1;
			remoteGlobalIDString = 3DC0208A2AA313F00012ACA0;
			remoteInfo = demo_kefu_uikit;
		};
		3DC020AC2AA313F10012ACA0 /* PBXContainerItemProxy */ = {
			isa = PBXContainerItemProxy;
			containerPortal = 3DC020832AA313F00012ACA0 /* Project object */;
			proxyType = 1;
			remoteGlobalIDString = 3DC0208A2AA313F00012ACA0;
			remoteInfo = demo_kefu_uikit;
		};
/* End PBXContainerItemProxy section */

/* Begin PBXFileReference section */
		3D4030382AA7019200F5B996 /* KFChatViewController.swift */ = {isa = PBXFileReference; lastKnownFileType = sourcecode.swift; path = KFChatViewController.swift; sourceTree = "<group>"; };
		3D40303A2AA701AD00F5B996 /* KFUserinfoViewController.swift */ = {isa = PBXFileReference; lastKnownFileType = sourcecode.swift; path = KFUserinfoViewController.swift; sourceTree = "<group>"; };
		3D40303C2AA701BE00F5B996 /* KFStatusViewController.swift */ = {isa = PBXFileReference; lastKnownFileType = sourcecode.swift; path = KFStatusViewController.swift; sourceTree = "<group>"; };
		3D40303E2AA701CF00F5B996 /* KFSupportViewController.swift */ = {isa = PBXFileReference; lastKnownFileType = sourcecode.swift; path = KFSupportViewController.swift; sourceTree = "<group>"; };
		3D4030402AA701E200F5B996 /* KFSwitchViewController.swift */ = {isa = PBXFileReference; lastKnownFileType = sourcecode.swift; path = KFSwitchViewController.swift; sourceTree = "<group>"; };
		3D566FD32AB2D981003F9FD6 /* demo_uikit.entitlements */ = {isa = PBXFileReference; lastKnownFileType = text.plist.entitlements; path = demo_uikit.entitlements; sourceTree = "<group>"; };
		3DC0208B2AA313F00012ACA0 /* demo_uikit.app */ = {isa = PBXFileReference; explicitFileType = wrapper.application; includeInIndex = 0; path = demo_uikit.app; sourceTree = BUILT_PRODUCTS_DIR; };
		3DC0208E2AA313F00012ACA0 /* AppDelegate.swift */ = {isa = PBXFileReference; lastKnownFileType = sourcecode.swift; path = AppDelegate.swift; sourceTree = "<group>"; };
		3DC020902AA313F00012ACA0 /* SceneDelegate.swift */ = {isa = PBXFileReference; lastKnownFileType = sourcecode.swift; path = SceneDelegate.swift; sourceTree = "<group>"; };
		3DC020922AA313F00012ACA0 /* KFApiTableViewController.swift */ = {isa = PBXFileReference; lastKnownFileType = sourcecode.swift; path = KFApiTableViewController.swift; sourceTree = "<group>"; };
		3DC020952AA313F00012ACA0 /* Base */ = {isa = PBXFileReference; lastKnownFileType = file.storyboard; name = Base; path = Base.lproj/Main.storyboard; sourceTree = "<group>"; };
		3DC020972AA313F10012ACA0 /* Assets.xcassets */ = {isa = PBXFileReference; lastKnownFileType = folder.assetcatalog; path = Assets.xcassets; sourceTree = "<group>"; };
		3DC0209A2AA313F10012ACA0 /* Base */ = {isa = PBXFileReference; lastKnownFileType = file.storyboard; name = Base; path = Base.lproj/LaunchScreen.storyboard; sourceTree = "<group>"; };
		3DC0209C2AA313F10012ACA0 /* Info.plist */ = {isa = PBXFileReference; lastKnownFileType = text.plist.xml; path = Info.plist; sourceTree = "<group>"; };
		3DC020A12AA313F10012ACA0 /* demo_uikitTests.xctest */ = {isa = PBXFileReference; explicitFileType = wrapper.cfbundle; includeInIndex = 0; path = demo_uikitTests.xctest; sourceTree = BUILT_PRODUCTS_DIR; };
		3DC020A52AA313F10012ACA0 /* demo_kefu_uikitTests.swift */ = {isa = PBXFileReference; lastKnownFileType = sourcecode.swift; path = demo_kefu_uikitTests.swift; sourceTree = "<group>"; };
		3DC020AB2AA313F10012ACA0 /* demo_uikitUITests.xctest */ = {isa = PBXFileReference; explicitFileType = wrapper.cfbundle; includeInIndex = 0; path = demo_uikitUITests.xctest; sourceTree = BUILT_PRODUCTS_DIR; };
		3DC020AF2AA313F10012ACA0 /* demo_kefu_uikitUITests.swift */ = {isa = PBXFileReference; lastKnownFileType = sourcecode.swift; path = demo_kefu_uikitUITests.swift; sourceTree = "<group>"; };
		3DC020B12AA313F10012ACA0 /* demo_kefu_uikitUITestsLaunchTests.swift */ = {isa = PBXFileReference; lastKnownFileType = sourcecode.swift; path = demo_kefu_uikitUITestsLaunchTests.swift; sourceTree = "<group>"; };
		3DC020BE2AA314390012ACA0 /* README.md */ = {isa = PBXFileReference; lastKnownFileType = net.daringfireball.markdown; path = README.md; sourceTree = "<group>"; };
		3DE267B42AB44FD8004196DF /* bytedesk-swift */ = {isa = PBXFileReference; lastKnownFileType = wrapper; name = "bytedesk-swift"; path = ../..; sourceTree = "<group>"; };
/* End PBXFileReference section */

/* Begin PBXFrameworksBuildPhase section */
		3DC020882AA313F00012ACA0 /* Frameworks */ = {
			isa = PBXFrameworksBuildPhase;
			buildActionMask = 2147483647;
			files = (
				3DF9D4662AA72440008BF3F8 /* bytedesk-swift in Frameworks */,
			);
			runOnlyForDeploymentPostprocessing = 0;
		};
		3DC0209E2AA313F10012ACA0 /* Frameworks */ = {
			isa = PBXFrameworksBuildPhase;
			buildActionMask = 2147483647;
			files = (
			);
			runOnlyForDeploymentPostprocessing = 0;
		};
		3DC020A82AA313F10012ACA0 /* Frameworks */ = {
			isa = PBXFrameworksBuildPhase;
			buildActionMask = 2147483647;
			files = (
			);
			runOnlyForDeploymentPostprocessing = 0;
		};
/* End PBXFrameworksBuildPhase section */

/* Begin PBXGroup section */
		3D8114082AA3221800F43699 /* controllers */ = {
			isa = PBXGroup;
			children = (
				3D4030382AA7019200F5B996 /* KFChatViewController.swift */,
				3D40303A2AA701AD00F5B996 /* KFUserinfoViewController.swift */,
				3D40303C2AA701BE00F5B996 /* KFStatusViewController.swift */,
				3D40303E2AA701CF00F5B996 /* KFSupportViewController.swift */,
				3D4030402AA701E200F5B996 /* KFSwitchViewController.swift */,
			);
			path = controllers;
			sourceTree = "<group>";
		};
		3DC020822AA313F00012ACA0 = {
			isa = PBXGroup;
			children = (
				3DC020BF2AA3147E0012ACA0 /* Packages */,
				3DC020BE2AA314390012ACA0 /* README.md */,
				3DC0208D2AA313F00012ACA0 /* demo_uikit */,
				3DC020A42AA313F10012ACA0 /* demo_uikitTests */,
				3DC020AE2AA313F10012ACA0 /* demo_uikitUITests */,
				3DC0208C2AA313F00012ACA0 /* Products */,
				3DF9D4642AA72440008BF3F8 /* Frameworks */,
			);
			sourceTree = "<group>";
		};
		3DC0208C2AA313F00012ACA0 /* Products */ = {
			isa = PBXGroup;
			children = (
				3DC0208B2AA313F00012ACA0 /* demo_uikit.app */,
				3DC020A12AA313F10012ACA0 /* demo_uikitTests.xctest */,
				3DC020AB2AA313F10012ACA0 /* demo_uikitUITests.xctest */,
			);
			name = Products;
			sourceTree = "<group>";
		};
		3DC0208D2AA313F00012ACA0 /* demo_uikit */ = {
			isa = PBXGroup;
			children = (
				3D566FD32AB2D981003F9FD6 /* demo_uikit.entitlements */,
				3D8114082AA3221800F43699 /* controllers */,
				3DC0208E2AA313F00012ACA0 /* AppDelegate.swift */,
				3DC020902AA313F00012ACA0 /* SceneDelegate.swift */,
				3DC020922AA313F00012ACA0 /* KFApiTableViewController.swift */,
				3DC020942AA313F00012ACA0 /* Main.storyboard */,
				3DC020972AA313F10012ACA0 /* Assets.xcassets */,
				3DC020992AA313F10012ACA0 /* LaunchScreen.storyboard */,
				3DC0209C2AA313F10012ACA0 /* Info.plist */,
			);
			path = demo_uikit;
			sourceTree = "<group>";
		};
		3DC020A42AA313F10012ACA0 /* demo_uikitTests */ = {
			isa = PBXGroup;
			children = (
				3DC020A52AA313F10012ACA0 /* demo_kefu_uikitTests.swift */,
			);
			path = demo_uikitTests;
			sourceTree = "<group>";
		};
		3DC020AE2AA313F10012ACA0 /* demo_uikitUITests */ = {
			isa = PBXGroup;
			children = (
				3DC020AF2AA313F10012ACA0 /* demo_kefu_uikitUITests.swift */,
				3DC020B12AA313F10012ACA0 /* demo_kefu_uikitUITestsLaunchTests.swift */,
			);
			path = demo_uikitUITests;
			sourceTree = "<group>";
		};
		3DC020BF2AA3147E0012ACA0 /* Packages */ = {
			isa = PBXGroup;
			children = (
				3DE267B42AB44FD8004196DF /* bytedesk-swift */,
			);
			name = Packages;
			sourceTree = "<group>";
		};
		3DF9D4642AA72440008BF3F8 /* Frameworks */ = {
			isa = PBXGroup;
			children = (
			);
			name = Frameworks;
			sourceTree = "<group>";
		};
/* End PBXGroup section */

/* Begin PBXNativeTarget section */
		3DC0208A2AA313F00012ACA0 /* demo_uikit */ = {
			isa = PBXNativeTarget;
			buildConfigurationList = 3DC020B52AA313F10012ACA0 /* Build configuration list for PBXNativeTarget "demo_uikit" */;
			buildPhases = (
				3DC020872AA313F00012ACA0 /* Sources */,
				3DC020882AA313F00012ACA0 /* Frameworks */,
				3DC020892AA313F00012ACA0 /* Resources */,
			);
			buildRules = (
			);
			dependencies = (
			);
			name = demo_uikit;
			packageProductDependencies = (
				3DF9D4652AA72440008BF3F8 /* bytedesk-swift */,
			);
			productName = demo_kefu_uikit;
			productReference = 3DC0208B2AA313F00012ACA0 /* demo_uikit.app */;
			productType = "com.apple.product-type.application";
		};
		3DC020A02AA313F10012ACA0 /* demo_uikitTests */ = {
			isa = PBXNativeTarget;
			buildConfigurationList = 3DC020B82AA313F10012ACA0 /* Build configuration list for PBXNativeTarget "demo_uikitTests" */;
			buildPhases = (
				3DC0209D2AA313F10012ACA0 /* Sources */,
				3DC0209E2AA313F10012ACA0 /* Frameworks */,
				3DC0209F2AA313F10012ACA0 /* Resources */,
			);
			buildRules = (
			);
			dependencies = (
				3DC020A32AA313F10012ACA0 /* PBXTargetDependency */,
			);
			name = demo_uikitTests;
			productName = demo_kefu_uikitTests;
			productReference = 3DC020A12AA313F10012ACA0 /* demo_uikitTests.xctest */;
			productType = "com.apple.product-type.bundle.unit-test";
		};
		3DC020AA2AA313F10012ACA0 /* demo_uikitUITests */ = {
			isa = PBXNativeTarget;
			buildConfigurationList = 3DC020BB2AA313F10012ACA0 /* Build configuration list for PBXNativeTarget "demo_uikitUITests" */;
			buildPhases = (
				3DC020A72AA313F10012ACA0 /* Sources */,
				3DC020A82AA313F10012ACA0 /* Frameworks */,
				3DC020A92AA313F10012ACA0 /* Resources */,
			);
			buildRules = (
			);
			dependencies = (
				3DC020AD2AA313F10012ACA0 /* PBXTargetDependency */,
			);
			name = demo_uikitUITests;
			productName = demo_kefu_uikitUITests;
			productReference = 3DC020AB2AA313F10012ACA0 /* demo_uikitUITests.xctest */;
			productType = "com.apple.product-type.bundle.ui-testing";
		};
/* End PBXNativeTarget section */

/* Begin PBXProject section */
		3DC020832AA313F00012ACA0 /* Project object */ = {
			isa = PBXProject;
			attributes = {
				BuildIndependentTargetsInParallel = 1;
				LastSwiftUpdateCheck = 1430;
				LastUpgradeCheck = 1430;
				TargetAttributes = {
					3DC0208A2AA313F00012ACA0 = {
						CreatedOnToolsVersion = 14.3;
					};
					3DC020A02AA313F10012ACA0 = {
						CreatedOnToolsVersion = 14.3;
						TestTargetID = 3DC0208A2AA313F00012ACA0;
					};
					3DC020AA2AA313F10012ACA0 = {
						CreatedOnToolsVersion = 14.3;
						TestTargetID = 3DC0208A2AA313F00012ACA0;
					};
				};
			};
			buildConfigurationList = 3DC020862AA313F00012ACA0 /* Build configuration list for PBXProject "demo_uikit" */;
			compatibilityVersion = "Xcode 14.0";
			developmentRegion = en;
			hasScannedForEncodings = 0;
			knownRegions = (
				en,
				Base,
			);
			mainGroup = 3DC020822AA313F00012ACA0;
			productRefGroup = 3DC0208C2AA313F00012ACA0 /* Products */;
			projectDirPath = "";
			projectRoot = "";
			targets = (
				3DC0208A2AA313F00012ACA0 /* demo_uikit */,
				3DC020A02AA313F10012ACA0 /* demo_uikitTests */,
				3DC020AA2AA313F10012ACA0 /* demo_uikitUITests */,
			);
		};
/* End PBXProject section */

/* Begin PBXResourcesBuildPhase section */
		3DC020892AA313F00012ACA0 /* Resources */ = {
			isa = PBXResourcesBuildPhase;
			buildActionMask = 2147483647;
			files = (
				3DC0209B2AA313F10012ACA0 /* LaunchScreen.storyboard in Resources */,
				3DC020982AA313F10012ACA0 /* Assets.xcassets in Resources */,
				3DC020962AA313F00012ACA0 /* Main.storyboard in Resources */,
			);
			runOnlyForDeploymentPostprocessing = 0;
		};
		3DC0209F2AA313F10012ACA0 /* Resources */ = {
			isa = PBXResourcesBuildPhase;
			buildActionMask = 2147483647;
			files = (
			);
			runOnlyForDeploymentPostprocessing = 0;
		};
		3DC020A92AA313F10012ACA0 /* Resources */ = {
			isa = PBXResourcesBuildPhase;
			buildActionMask = 2147483647;
			files = (
			);
			runOnlyForDeploymentPostprocessing = 0;
		};
/* End PBXResourcesBuildPhase section */

/* Begin PBXSourcesBuildPhase section */
		3DC020872AA313F00012ACA0 /* Sources */ = {
			isa = PBXSourcesBuildPhase;
			buildActionMask = 2147483647;
			files = (
				3D40303F2AA701CF00F5B996 /* KFSupportViewController.swift in Sources */,
				3D4030412AA701E200F5B996 /* KFSwitchViewController.swift in Sources */,
				3D40303B2AA701AD00F5B996 /* KFUserinfoViewController.swift in Sources */,
				3D40303D2AA701BE00F5B996 /* KFStatusViewController.swift in Sources */,
				3DC020932AA313F00012ACA0 /* KFApiTableViewController.swift in Sources */,
				3D4030392AA7019200F5B996 /* KFChatViewController.swift in Sources */,
				3DC0208F2AA313F00012ACA0 /* AppDelegate.swift in Sources */,
				3DC020912AA313F00012ACA0 /* SceneDelegate.swift in Sources */,
			);
			runOnlyForDeploymentPostprocessing = 0;
		};
		3DC0209D2AA313F10012ACA0 /* Sources */ = {
			isa = PBXSourcesBuildPhase;
			buildActionMask = 2147483647;
			files = (
				3DC020A62AA313F10012ACA0 /* demo_kefu_uikitTests.swift in Sources */,
			);
			runOnlyForDeploymentPostprocessing = 0;
		};
		3DC020A72AA313F10012ACA0 /* Sources */ = {
			isa = PBXSourcesBuildPhase;
			buildActionMask = 2147483647;
			files = (
				3DC020B02AA313F10012ACA0 /* demo_kefu_uikitUITests.swift in Sources */,
				3DC020B22AA313F10012ACA0 /* demo_kefu_uikitUITestsLaunchTests.swift in Sources */,
			);
			runOnlyForDeploymentPostprocessing = 0;
		};
/* End PBXSourcesBuildPhase section */

/* Begin PBXTargetDependency section */
		3DC020A32AA313F10012ACA0 /* PBXTargetDependency */ = {
			isa = PBXTargetDependency;
			target = 3DC0208A2AA313F00012ACA0 /* demo_uikit */;
			targetProxy = 3DC020A22AA313F10012ACA0 /* PBXContainerItemProxy */;
		};
		3DC020AD2AA313F10012ACA0 /* PBXTargetDependency */ = {
			isa = PBXTargetDependency;
			target = 3DC0208A2AA313F00012ACA0 /* demo_uikit */;
			targetProxy = 3DC020AC2AA313F10012ACA0 /* PBXContainerItemProxy */;
		};
/* End PBXTargetDependency section */

/* Begin PBXVariantGroup section */
		3DC020942AA313F00012ACA0 /* Main.storyboard */ = {
			isa = PBXVariantGroup;
			children = (
				3DC020952AA313F00012ACA0 /* Base */,
			);
			name = Main.storyboard;
			sourceTree = "<group>";
		};
		3DC020992AA313F10012ACA0 /* LaunchScreen.storyboard */ = {
			isa = PBXVariantGroup;
			children = (
				3DC0209A2AA313F10012ACA0 /* Base */,
			);
			name = LaunchScreen.storyboard;
			sourceTree = "<group>";
		};
/* End PBXVariantGroup section */

/* Begin XCBuildConfiguration section */
		3DC020B32AA313F10012ACA0 /* Debug */ = {
			isa = XCBuildConfiguration;
			buildSettings = {
				ALWAYS_SEARCH_USER_PATHS = NO;
				CLANG_ANALYZER_NONNULL = YES;
				CLANG_ANALYZER_NUMBER_OBJECT_CONVERSION = YES_AGGRESSIVE;
				CLANG_CXX_LANGUAGE_STANDARD = "gnu++20";
				CLANG_ENABLE_MODULES = YES;
				CLANG_ENABLE_OBJC_ARC = YES;
				CLANG_ENABLE_OBJC_WEAK = YES;
				CLANG_WARN_BLOCK_CAPTURE_AUTORELEASING = YES;
				CLANG_WARN_BOOL_CONVERSION = YES;
				CLANG_WARN_COMMA = YES;
				CLANG_WARN_CONSTANT_CONVERSION = YES;
				CLANG_WARN_DEPRECATED_OBJC_IMPLEMENTATIONS = YES;
				CLANG_WARN_DIRECT_OBJC_ISA_USAGE = YES_ERROR;
				CLANG_WARN_DOCUMENTATION_COMMENTS = YES;
				CLANG_WARN_EMPTY_BODY = YES;
				CLANG_WARN_ENUM_CONVERSION = YES;
				CLANG_WARN_INFINITE_RECURSION = YES;
				CLANG_WARN_INT_CONVERSION = YES;
				CLANG_WARN_NON_LITERAL_NULL_CONVERSION = YES;
				CLANG_WARN_OBJC_IMPLICIT_RETAIN_SELF = YES;
				CLANG_WARN_OBJC_LITERAL_CONVERSION = YES;
				CLANG_WARN_OBJC_ROOT_CLASS = YES_ERROR;
				CLANG_WARN_QUOTED_INCLUDE_IN_FRAMEWORK_HEADER = YES;
				CLANG_WARN_RANGE_LOOP_ANALYSIS = YES;
				CLANG_WARN_STRICT_PROTOTYPES = YES;
				CLANG_WARN_SUSPICIOUS_MOVE = YES;
				CLANG_WARN_UNGUARDED_AVAILABILITY = YES_AGGRESSIVE;
				CLANG_WARN_UNREACHABLE_CODE = YES;
				CLANG_WARN__DUPLICATE_METHOD_MATCH = YES;
				COPY_PHASE_STRIP = NO;
				DEBUG_INFORMATION_FORMAT = dwarf;
				ENABLE_STRICT_OBJC_MSGSEND = YES;
				ENABLE_TESTABILITY = YES;
				GCC_C_LANGUAGE_STANDARD = gnu11;
				GCC_DYNAMIC_NO_PIC = NO;
				GCC_NO_COMMON_BLOCKS = YES;
				GCC_OPTIMIZATION_LEVEL = 0;
				GCC_PREPROCESSOR_DEFINITIONS = (
					"DEBUG=1",
					"$(inherited)",
				);
				GCC_WARN_64_TO_32_BIT_CONVERSION = YES;
				GCC_WARN_ABOUT_RETURN_TYPE = YES_ERROR;
				GCC_WARN_UNDECLARED_SELECTOR = YES;
				GCC_WARN_UNINITIALIZED_AUTOS = YES_AGGRESSIVE;
				GCC_WARN_UNUSED_FUNCTION = YES;
				GCC_WARN_UNUSED_VARIABLE = YES;
				IPHONEOS_DEPLOYMENT_TARGET = 16.4;
				MTL_ENABLE_DEBUG_INFO = INCLUDE_SOURCE;
				MTL_FAST_MATH = YES;
				ONLY_ACTIVE_ARCH = YES;
				SDKROOT = iphoneos;
				SWIFT_ACTIVE_COMPILATION_CONDITIONS = DEBUG;
				SWIFT_OPTIMIZATION_LEVEL = "-Onone";
			};
			name = Debug;
		};
		3DC020B42AA313F10012ACA0 /* Release */ = {
			isa = XCBuildConfiguration;
			buildSettings = {
				ALWAYS_SEARCH_USER_PATHS = NO;
				CLANG_ANALYZER_NONNULL = YES;
				CLANG_ANALYZER_NUMBER_OBJECT_CONVERSION = YES_AGGRESSIVE;
				CLANG_CXX_LANGUAGE_STANDARD = "gnu++20";
				CLANG_ENABLE_MODULES = YES;
				CLANG_ENABLE_OBJC_ARC = YES;
				CLANG_ENABLE_OBJC_WEAK = YES;
				CLANG_WARN_BLOCK_CAPTURE_AUTORELEASING = YES;
				CLANG_WARN_BOOL_CONVERSION = YES;
				CLANG_WARN_COMMA = YES;
				CLANG_WARN_CONSTANT_CONVERSION = YES;
				CLANG_WARN_DEPRECATED_OBJC_IMPLEMENTATIONS = YES;
				CLANG_WARN_DIRECT_OBJC_ISA_USAGE = YES_ERROR;
				CLANG_WARN_DOCUMENTATION_COMMENTS = YES;
				CLANG_WARN_EMPTY_BODY = YES;
				CLANG_WARN_ENUM_CONVERSION = YES;
				CLANG_WARN_INFINITE_RECURSION = YES;
				CLANG_WARN_INT_CONVERSION = YES;
				CLANG_WARN_NON_LITERAL_NULL_CONVERSION = YES;
				CLANG_WARN_OBJC_IMPLICIT_RETAIN_SELF = YES;
				CLANG_WARN_OBJC_LITERAL_CONVERSION = YES;
				CLANG_WARN_OBJC_ROOT_CLASS = YES_ERROR;
				CLANG_WARN_QUOTED_INCLUDE_IN_FRAMEWORK_HEADER = YES;
				CLANG_WARN_RANGE_LOOP_ANALYSIS = YES;
				CLANG_WARN_STRICT_PROTOTYPES = YES;
				CLANG_WARN_SUSPICIOUS_MOVE = YES;
				CLANG_WARN_UNGUARDED_AVAILABILITY = YES_AGGRESSIVE;
				CLANG_WARN_UNREACHABLE_CODE = YES;
				CLANG_WARN__DUPLICATE_METHOD_MATCH = YES;
				COPY_PHASE_STRIP = NO;
				DEBUG_INFORMATION_FORMAT = "dwarf-with-dsym";
				ENABLE_NS_ASSERTIONS = NO;
				ENABLE_STRICT_OBJC_MSGSEND = YES;
				GCC_C_LANGUAGE_STANDARD = gnu11;
				GCC_NO_COMMON_BLOCKS = YES;
				GCC_WARN_64_TO_32_BIT_CONVERSION = YES;
				GCC_WARN_ABOUT_RETURN_TYPE = YES_ERROR;
				GCC_WARN_UNDECLARED_SELECTOR = YES;
				GCC_WARN_UNINITIALIZED_AUTOS = YES_AGGRESSIVE;
				GCC_WARN_UNUSED_FUNCTION = YES;
				GCC_WARN_UNUSED_VARIABLE = YES;
				IPHONEOS_DEPLOYMENT_TARGET = 16.4;
				MTL_ENABLE_DEBUG_INFO = NO;
				MTL_FAST_MATH = YES;
				SDKROOT = iphoneos;
				SWIFT_COMPILATION_MODE = wholemodule;
				SWIFT_OPTIMIZATION_LEVEL = "-O";
				VALIDATE_PRODUCT = YES;
			};
			name = Release;
		};
		3DC020B62AA313F10012ACA0 /* Debug */ = {
			isa = XCBuildConfiguration;
			buildSettings = {
				ASSETCATALOG_COMPILER_APPICON_NAME = AppIcon;
				ASSETCATALOG_COMPILER_GLOBAL_ACCENT_COLOR_NAME = AccentColor;
				CODE_SIGN_ENTITLEMENTS = demo_uikit/demo_uikit.entitlements;
				CODE_SIGN_STYLE = Automatic;
				CURRENT_PROJECT_VERSION = 1;
				DEVELOPMENT_TEAM = L5F47963M2;
				GENERATE_INFOPLIST_FILE = YES;
				INFOPLIST_FILE = demo_uikit/Info.plist;
				INFOPLIST_KEY_CFBundleDisplayName = "萝卜丝SwiftUIKit";
				INFOPLIST_KEY_LSApplicationCategoryType = "public.app-category.business";
				INFOPLIST_KEY_UIApplicationSupportsIndirectInputEvents = YES;
				INFOPLIST_KEY_UILaunchStoryboardName = LaunchScreen;
				INFOPLIST_KEY_UIMainStoryboardFile = Main;
				INFOPLIST_KEY_UISupportedInterfaceOrientations_iPad = "UIInterfaceOrientationPortrait UIInterfaceOrientationPortraitUpsideDown UIInterfaceOrientationLandscapeLeft UIInterfaceOrientationLandscapeRight";
				INFOPLIST_KEY_UISupportedInterfaceOrientations_iPhone = "UIInterfaceOrientationPortrait UIInterfaceOrientationLandscapeLeft UIInterfaceOrientationLandscapeRight";
				LD_RUNPATH_SEARCH_PATHS = (
					"$(inherited)",
					"@executable_path/Frameworks",
				);
				MARKETING_VERSION = 1.0;
				PRODUCT_BUNDLE_IDENTIFIER = "com.bytedesk.demo-uikit";
				PRODUCT_NAME = "$(TARGET_NAME)";
				SWIFT_EMIT_LOC_STRINGS = YES;
				SWIFT_VERSION = 5.0;
				TARGETED_DEVICE_FAMILY = "1,2";
			};
			name = Debug;
		};
		3DC020B72AA313F10012ACA0 /* Release */ = {
			isa = XCBuildConfiguration;
			buildSettings = {
				ASSETCATALOG_COMPILER_APPICON_NAME = AppIcon;
				ASSETCATALOG_COMPILER_GLOBAL_ACCENT_COLOR_NAME = AccentColor;
				CODE_SIGN_ENTITLEMENTS = demo_uikit/demo_uikit.entitlements;
				CODE_SIGN_STYLE = Automatic;
				CURRENT_PROJECT_VERSION = 1;
				DEVELOPMENT_TEAM = L5F47963M2;
				GENERATE_INFOPLIST_FILE = YES;
				INFOPLIST_FILE = demo_uikit/Info.plist;
				INFOPLIST_KEY_CFBundleDisplayName = "萝卜丝SwiftUIKit";
				INFOPLIST_KEY_LSApplicationCategoryType = "public.app-category.business";
				INFOPLIST_KEY_UIApplicationSupportsIndirectInputEvents = YES;
				INFOPLIST_KEY_UILaunchStoryboardName = LaunchScreen;
				INFOPLIST_KEY_UIMainStoryboardFile = Main;
				INFOPLIST_KEY_UISupportedInterfaceOrientations_iPad = "UIInterfaceOrientationPortrait UIInterfaceOrientationPortraitUpsideDown UIInterfaceOrientationLandscapeLeft UIInterfaceOrientationLandscapeRight";
				INFOPLIST_KEY_UISupportedInterfaceOrientations_iPhone = "UIInterfaceOrientationPortrait UIInterfaceOrientationLandscapeLeft UIInterfaceOrientationLandscapeRight";
				LD_RUNPATH_SEARCH_PATHS = (
					"$(inherited)",
					"@executable_path/Frameworks",
				);
				MARKETING_VERSION = 1.0;
				PRODUCT_BUNDLE_IDENTIFIER = "com.bytedesk.demo-uikit";
				PRODUCT_NAME = "$(TARGET_NAME)";
				SWIFT_EMIT_LOC_STRINGS = YES;
				SWIFT_VERSION = 5.0;
				TARGETED_DEVICE_FAMILY = "1,2";
			};
			name = Release;
		};
		3DC020B92AA313F10012ACA0 /* Debug */ = {
			isa = XCBuildConfiguration;
			buildSettings = {
				ALWAYS_EMBED_SWIFT_STANDARD_LIBRARIES = YES;
				BUNDLE_LOADER = "$(TEST_HOST)";
				CODE_SIGN_STYLE = Automatic;
				CURRENT_PROJECT_VERSION = 1;
				DEVELOPMENT_TEAM = L5F47963M2;
				GENERATE_INFOPLIST_FILE = YES;
				IPHONEOS_DEPLOYMENT_TARGET = 16.4;
				MARKETING_VERSION = 1.0;
				PRODUCT_BUNDLE_IDENTIFIER = "com.bytedesk.demo-kefu-uikitTests";
				PRODUCT_NAME = "$(TARGET_NAME)";
				SWIFT_EMIT_LOC_STRINGS = NO;
				SWIFT_VERSION = 5.0;
				TARGETED_DEVICE_FAMILY = "1,2";
				TEST_HOST = "$(BUILT_PRODUCTS_DIR)/demo_uikit.app/$(BUNDLE_EXECUTABLE_FOLDER_PATH)/demo_uikit";
			};
			name = Debug;
		};
		3DC020BA2AA313F10012ACA0 /* Release */ = {
			isa = XCBuildConfiguration;
			buildSettings = {
				ALWAYS_EMBED_SWIFT_STANDARD_LIBRARIES = YES;
				BUNDLE_LOADER = "$(TEST_HOST)";
				CODE_SIGN_STYLE = Automatic;
				CURRENT_PROJECT_VERSION = 1;
				DEVELOPMENT_TEAM = L5F47963M2;
				GENERATE_INFOPLIST_FILE = YES;
				IPHONEOS_DEPLOYMENT_TARGET = 16.4;
				MARKETING_VERSION = 1.0;
				PRODUCT_BUNDLE_IDENTIFIER = "com.bytedesk.demo-kefu-uikitTests";
				PRODUCT_NAME = "$(TARGET_NAME)";
				SWIFT_EMIT_LOC_STRINGS = NO;
				SWIFT_VERSION = 5.0;
				TARGETED_DEVICE_FAMILY = "1,2";
				TEST_HOST = "$(BUILT_PRODUCTS_DIR)/demo_uikit.app/$(BUNDLE_EXECUTABLE_FOLDER_PATH)/demo_uikit";
			};
			name = Release;
		};
		3DC020BC2AA313F10012ACA0 /* Debug */ = {
			isa = XCBuildConfiguration;
			buildSettings = {
				ALWAYS_EMBED_SWIFT_STANDARD_LIBRARIES = YES;
				CODE_SIGN_STYLE = Automatic;
				CURRENT_PROJECT_VERSION = 1;
				DEVELOPMENT_TEAM = L5F47963M2;
				GENERATE_INFOPLIST_FILE = YES;
				MARKETING_VERSION = 1.0;
				PRODUCT_BUNDLE_IDENTIFIER = "com.bytedesk.demo-kefu-uikitUITests";
				PRODUCT_NAME = "$(TARGET_NAME)";
				SWIFT_EMIT_LOC_STRINGS = NO;
				SWIFT_VERSION = 5.0;
				TARGETED_DEVICE_FAMILY = "1,2";
				TEST_TARGET_NAME = demo_kefu_uikit;
			};
			name = Debug;
		};
		3DC020BD2AA313F10012ACA0 /* Release */ = {
			isa = XCBuildConfiguration;
			buildSettings = {
				ALWAYS_EMBED_SWIFT_STANDARD_LIBRARIES = YES;
				CODE_SIGN_STYLE = Automatic;
				CURRENT_PROJECT_VERSION = 1;
				DEVELOPMENT_TEAM = L5F47963M2;
				GENERATE_INFOPLIST_FILE = YES;
				MARKETING_VERSION = 1.0;
				PRODUCT_BUNDLE_IDENTIFIER = "com.bytedesk.demo-kefu-uikitUITests";
				PRODUCT_NAME = "$(TARGET_NAME)";
				SWIFT_EMIT_LOC_STRINGS = NO;
				SWIFT_VERSION = 5.0;
				TARGETED_DEVICE_FAMILY = "1,2";
				TEST_TARGET_NAME = demo_kefu_uikit;
			};
			name = Release;
		};
/* End XCBuildConfiguration section */

/* Begin XCConfigurationList section */
		3DC020862AA313F00012ACA0 /* Build configuration list for PBXProject "demo_uikit" */ = {
			isa = XCConfigurationList;
			buildConfigurations = (
				3DC020B32AA313F10012ACA0 /* Debug */,
				3DC020B42AA313F10012ACA0 /* Release */,
			);
			defaultConfigurationIsVisible = 0;
			defaultConfigurationName = Release;
		};
		3DC020B52AA313F10012ACA0 /* Build configuration list for PBXNativeTarget "demo_uikit" */ = {
			isa = XCConfigurationList;
			buildConfigurations = (
				3DC020B62AA313F10012ACA0 /* Debug */,
				3DC020B72AA313F10012ACA0 /* Release */,
			);
			defaultConfigurationIsVisible = 0;
			defaultConfigurationName = Release;
		};
		3DC020B82AA313F10012ACA0 /* Build configuration list for PBXNativeTarget "demo_uikitTests" */ = {
			isa = XCConfigurationList;
			buildConfigurations = (
				3DC020B92AA313F10012ACA0 /* Debug */,
				3DC020BA2AA313F10012ACA0 /* Release */,
			);
			defaultConfigurationIsVisible = 0;
			defaultConfigurationName = Release;
		};
		3DC020BB2AA313F10012ACA0 /* Build configuration list for PBXNativeTarget "demo_uikitUITests" */ = {
			isa = XCConfigurationList;
			buildConfigurations = (
				3DC020BC2AA313F10012ACA0 /* Debug */,
				3DC020BD2AA313F10012ACA0 /* Release */,
			);
			defaultConfigurationIsVisible = 0;
			defaultConfigurationName = Release;
		};
/* End XCConfigurationList section */

/* Begin XCSwiftPackageProductDependency section */
		3DF9D4652AA72440008BF3F8 /* bytedesk-swift */ = {
			isa = XCSwiftPackageProductDependency;
			productName = "bytedesk-swift";
		};
/* End XCSwiftPackageProductDependency section */
	};
	rootObject = 3DC020832AA313F00012ACA0 /* Project object */;
}
